
Microsoft Visual Studio Solution File, Format Version 12.00
# Visual Studio 2017
Project("{FAE04EC0-301F-11D3-BF4B-00C04F79EFBC}") = "N2I_ambiance", "N2I_ambiance.csproj", "{43F6CAAD-F53B-292C-DDCC-329BBF394190}"
EndProject
Project("{FAE04EC0-301F-11D3-BF4B-00C04F79EFBC}") = "N2I_ambiance.Editor", "N2I_ambiance.Editor.csproj", "{D23ABC15-B8DB-A68A-6BC6-88598486DAA1}"
EndProject
Global
	GlobalSection(SolutionConfigurationPlatforms) = preSolution
		Debug|Any CPU = Debug|Any CPU
		Release|Any CPU = Release|Any CPU
	EndGlobalSection
	GlobalSection(ProjectConfigurationPlatforms) = postSolution
		{43F6CAAD-F53B-292C-DDCC-329BBF394190}.Debug|Any CPU.ActiveCfg = Debug|Any CPU
		{43F6CAAD-F53B-292C-DDCC-329BBF394190}.Debug|Any CPU.Build.0 = Debug|Any CPU
		{43F6CAAD-F53B-292C-DDCC-329BBF394190}.Release|Any CPU.ActiveCfg = Release|Any CPU
		{43F6CAAD-F53B-292C-DDCC-329BBF394190}.Release|Any CPU.Build.0 = Release|Any CPU
		{D23ABC15-B8DB-A68A-6BC6-88598486DAA1}.Debug|Any CPU.ActiveCfg = Debug|Any CPU
		{D23ABC15-B8DB-A68A-6BC6-88598486DAA1}.Debug|Any CPU.Build.0 = Debug|Any CPU
		{D23ABC15-B8DB-A68A-6BC6-88598486DAA1}.Release|Any CPU.ActiveCfg = Release|Any CPU
		{D23ABC15-B8DB-A68A-6BC6-88598486DAA1}.Release|Any CPU.Build.0 = Release|Any CPU
	EndGlobalSection
	GlobalSection(SolutionProperties) = preSolution
		HideSolutionNode = FALSE
	EndGlobalSection
EndGlobal
